
Microsoft Visual Studio Solution File, Format Version 12.00
# Visual Studio Version 17
VisualStudioVersion = 17.0.31903.59
MinimumVisualStudioVersion = 10.0.40219.1
Project("{2150E333-8FDC-42A3-9474-1A3956D46DE8}") = "backend", "backend", "{1AE8ACA6-933B-BF2A-3671-3E2EAC007D16}"
EndProject
Project("{2150E333-8FDC-42A3-9474-1A3956D46DE8}") = "src", "src", "{0F9113EE-888A-26D2-68B0-4A7D0A2A8745}"
EndProject
Project("{FAE04EC0-301F-11D3-BF4B-00C04F79EFBC}") = "Domain", "backend\src\Domain\Domain.csproj", "{6BC121C4-D983-426E-8AA1-4BD4AB7A16DA}"
EndProject
Project("{FAE04EC0-301F-11D3-BF4B-00C04F79EFBC}") = "Application", "backend\src\Application\Application.csproj", "{4E0252C6-77C1-4CAB-9820-2EF9778DDED4}"
EndProject
Project("{FAE04EC0-301F-11D3-BF4B-00C04F79EFBC}") = "Infrastructure", "backend\src\Infrastructure\Infrastructure.csproj", "{7F04E8DE-9D30-48EF-945F-E1BFEF59C2FE}"
EndProject
Project("{FAE04EC0-301F-11D3-BF4B-00C04F79EFBC}") = "Shared", "backend\src\Shared\Shared.csproj", "{82DCBD30-ECFA-474B-A2EA-C2445138936F}"
EndProject
Project("{FAE04EC0-301F-11D3-BF4B-00C04F79EFBC}") = "Bot", "backend\src\Bot\Bot.csproj", "{E89592D6-AAC7-4CEE-8D08-6CC3CD8505EB}"
EndProject
Project("{FAE04EC0-301F-11D3-BF4B-00C04F79EFBC}") = "Worker", "backend\src\Worker\Worker.csproj", "{AD1EF5A2-BC9C-4CDB-B435-2B99FE2539FC}"
EndProject
Project("{2150E333-8FDC-42A3-9474-1A3956D46DE8}") = "tests", "tests", "{F57642F3-C37C-D174-720E-6A6AAD5BEE22}"
EndProject
Project("{FAE04EC0-301F-11D3-BF4B-00C04F79EFBC}") = "UnitTests", "backend\tests\UnitTests\UnitTests.csproj", "{F4CC4455-2775-4979-87C7-D573C79C92AA}"
EndProject
Global
	GlobalSection(SolutionConfigurationPlatforms) = preSolution
		Debug|Any CPU = Debug|Any CPU
		Debug|x64 = Debug|x64
		Debug|x86 = Debug|x86
		Release|Any CPU = Release|Any CPU
		Release|x64 = Release|x64
		Release|x86 = Release|x86
	EndGlobalSection
	GlobalSection(ProjectConfigurationPlatforms) = postSolution
		{6BC121C4-D983-426E-8AA1-4BD4AB7A16DA}.Debug|Any CPU.ActiveCfg = Debug|Any CPU
		{6BC121C4-D983-426E-8AA1-4BD4AB7A16DA}.Debug|Any CPU.Build.0 = Debug|Any CPU
		{6BC121C4-D983-426E-8AA1-4BD4AB7A16DA}.Debug|x64.ActiveCfg = Debug|Any CPU
		{6BC121C4-D983-426E-8AA1-4BD4AB7A16DA}.Debug|x64.Build.0 = Debug|Any CPU
		{6BC121C4-D983-426E-8AA1-4BD4AB7A16DA}.Debug|x86.ActiveCfg = Debug|Any CPU
		{6BC121C4-D983-426E-8AA1-4BD4AB7A16DA}.Debug|x86.Build.0 = Debug|Any CPU
		{6BC121C4-D983-426E-8AA1-4BD4AB7A16DA}.Release|Any CPU.ActiveCfg = Release|Any CPU
		{6BC121C4-D983-426E-8AA1-4BD4AB7A16DA}.Release|Any CPU.Build.0 = Release|Any CPU
		{6BC121C4-D983-426E-8AA1-4BD4AB7A16DA}.Release|x64.ActiveCfg = Release|Any CPU
		{6BC121C4-D983-426E-8AA1-4BD4AB7A16DA}.Release|x64.Build.0 = Release|Any CPU
		{6BC121C4-D983-426E-8AA1-4BD4AB7A16DA}.Release|x86.ActiveCfg = Release|Any CPU
		{6BC121C4-D983-426E-8AA1-4BD4AB7A16DA}.Release|x86.Build.0 = Release|Any CPU
		{4E0252C6-77C1-4CAB-9820-2EF9778DDED4}.Debug|Any CPU.ActiveCfg = Debug|Any CPU
		{4E0252C6-77C1-4CAB-9820-2EF9778DDED4}.Debug|Any CPU.Build.0 = Debug|Any CPU
		{4E0252C6-77C1-4CAB-9820-2EF9778DDED4}.Debug|x64.ActiveCfg = Debug|Any CPU
		{4E0252C6-77C1-4CAB-9820-2EF9778DDED4}.Debug|x64.Build.0 = Debug|Any CPU
		{4E0252C6-77C1-4CAB-9820-2EF9778DDED4}.Debug|x86.ActiveCfg = Debug|Any CPU
		{4E0252C6-77C1-4CAB-9820-2EF9778DDED4}.Debug|x86.Build.0 = Debug|Any CPU
		{4E0252C6-77C1-4CAB-9820-2EF9778DDED4}.Release|Any CPU.ActiveCfg = Release|Any CPU
		{4E0252C6-77C1-4CAB-9820-2EF9778DDED4}.Release|Any CPU.Build.0 = Release|Any CPU
		{4E0252C6-77C1-4CAB-9820-2EF9778DDED4}.Release|x64.ActiveCfg = Release|Any CPU
		{4E0252C6-77C1-4CAB-9820-2EF9778DDED4}.Release|x64.Build.0 = Release|Any CPU
		{4E0252C6-77C1-4CAB-9820-2EF9778DDED4}.Release|x86.ActiveCfg = Release|Any CPU
		{4E0252C6-77C1-4CAB-9820-2EF9778DDED4}.Release|x86.Build.0 = Release|Any CPU
		{7F04E8DE-9D30-48EF-945F-E1BFEF59C2FE}.Debug|Any CPU.ActiveCfg = Debug|Any CPU
		{7F04E8DE-9D30-48EF-945F-E1BFEF59C2FE}.Debug|Any CPU.Build.0 = Debug|Any CPU
		{7F04E8DE-9D30-48EF-945F-E1BFEF59C2FE}.Debug|x64.ActiveCfg = Debug|Any CPU
		{7F04E8DE-9D30-48EF-945F-E1BFEF59C2FE}.Debug|x64.Build.0 = Debug|Any CPU
		{7F04E8DE-9D30-48EF-945F-E1BFEF59C2FE}.Debug|x86.ActiveCfg = Debug|Any CPU
		{7F04E8DE-9D30-48EF-945F-E1BFEF59C2FE}.Debug|x86.Build.0 = Debug|Any CPU
		{7F04E8DE-9D30-48EF-945F-E1BFEF59C2FE}.Release|Any CPU.ActiveCfg = Release|Any CPU
		{7F04E8DE-9D30-48EF-945F-E1BFEF59C2FE}.Release|Any CPU.Build.0 = Release|Any CPU
		{7F04E8DE-9D30-48EF-945F-E1BFEF59C2FE}.Release|x64.ActiveCfg = Release|Any CPU
		{7F04E8DE-9D30-48EF-945F-E1BFEF59C2FE}.Release|x64.Build.0 = Release|Any CPU
		{7F04E8DE-9D30-48EF-945F-E1BFEF59C2FE}.Release|x86.ActiveCfg = Release|Any CPU
		{7F04E8DE-9D30-48EF-945F-E1BFEF59C2FE}.Release|x86.Build.0 = Release|Any CPU
		{82DCBD30-ECFA-474B-A2EA-C2445138936F}.Debug|Any CPU.ActiveCfg = Debug|Any CPU
		{82DCBD30-ECFA-474B-A2EA-C2445138936F}.Debug|Any CPU.Build.0 = Debug|Any CPU
		{82DCBD30-ECFA-474B-A2EA-C2445138936F}.Debug|x64.ActiveCfg = Debug|Any CPU
		{82DCBD30-ECFA-474B-A2EA-C2445138936F}.Debug|x64.Build.0 = Debug|Any CPU
		{82DCBD30-ECFA-474B-A2EA-C2445138936F}.Debug|x86.ActiveCfg = Debug|Any CPU
		{82DCBD30-ECFA-474B-A2EA-C2445138936F}.Debug|x86.Build.0 = Debug|Any CPU
		{82DCBD30-ECFA-474B-A2EA-C2445138936F}.Release|Any CPU.ActiveCfg = Release|Any CPU
		{82DCBD30-ECFA-474B-A2EA-C2445138936F}.Release|Any CPU.Build.0 = Release|Any CPU
		{82DCBD30-ECFA-474B-A2EA-C2445138936F}.Release|x64.ActiveCfg = Release|Any CPU
		{82DCBD30-ECFA-474B-A2EA-C2445138936F}.Release|x64.Build.0 = Release|Any CPU
		{82DCBD30-ECFA-474B-A2EA-C2445138936F}.Release|x86.ActiveCfg = Release|Any CPU
		{82DCBD30-ECFA-474B-A2EA-C2445138936F}.Release|x86.Build.0 = Release|Any CPU
		{E89592D6-AAC7-4CEE-8D08-6CC3CD8505EB}.Debug|Any CPU.ActiveCfg = Debug|Any CPU
		{E89592D6-AAC7-4CEE-8D08-6CC3CD8505EB}.Debug|Any CPU.Build.0 = Debug|Any CPU
		{E89592D6-AAC7-4CEE-8D08-6CC3CD8505EB}.Debug|x64.ActiveCfg = Debug|Any CPU
		{E89592D6-AAC7-4CEE-8D08-6CC3CD8505EB}.Debug|x64.Build.0 = Debug|Any CPU
		{E89592D6-AAC7-4CEE-8D08-6CC3CD8505EB}.Debug|x86.ActiveCfg = Debug|Any CPU
		{E89592D6-AAC7-4CEE-8D08-6CC3CD8505EB}.Debug|x86.Build.0 = Debug|Any CPU
		{E89592D6-AAC7-4CEE-8D08-6CC3CD8505EB}.Release|Any CPU.ActiveCfg = Release|Any CPU
		{E89592D6-AAC7-4CEE-8D08-6CC3CD8505EB}.Release|Any CPU.Build.0 = Release|Any CPU
		{E89592D6-AAC7-4CEE-8D08-6CC3CD8505EB}.Release|x64.ActiveCfg = Release|Any CPU
		{E89592D6-AAC7-4CEE-8D08-6CC3CD8505EB}.Release|x64.Build.0 = Release|Any CPU
		{E89592D6-AAC7-4CEE-8D08-6CC3CD8505EB}.Release|x86.ActiveCfg = Release|Any CPU
		{E89592D6-AAC7-4CEE-8D08-6CC3CD8505EB}.Release|x86.Build.0 = Release|Any CPU
		{AD1EF5A2-BC9C-4CDB-B435-2B99FE2539FC}.Debug|Any CPU.ActiveCfg = Debug|Any CPU
		{AD1EF5A2-BC9C-4CDB-B435-2B99FE2539FC}.Debug|Any CPU.Build.0 = Debug|Any CPU
		{AD1EF5A2-BC9C-4CDB-B435-2B99FE2539FC}.Debug|x64.ActiveCfg = Debug|Any CPU
		{AD1EF5A2-BC9C-4CDB-B435-2B99FE2539FC}.Debug|x64.Build.0 = Debug|Any CPU
		{AD1EF5A2-BC9C-4CDB-B435-2B99FE2539FC}.Debug|x86.ActiveCfg = Debug|Any CPU
		{AD1EF5A2-BC9C-4CDB-B435-2B99FE2539FC}.Debug|x86.Build.0 = Debug|Any CPU
		{AD1EF5A2-BC9C-4CDB-B435-2B99FE2539FC}.Release|Any CPU.ActiveCfg = Release|Any CPU
		{AD1EF5A2-BC9C-4CDB-B435-2B99FE2539FC}.Release|Any CPU.Build.0 = Release|Any CPU
		{AD1EF5A2-BC9C-4CDB-B435-2B99FE2539FC}.Release|x64.ActiveCfg = Release|Any CPU
		{AD1EF5A2-BC9C-4CDB-B435-2B99FE2539FC}.Release|x64.Build.0 = Release|Any CPU
		{AD1EF5A2-BC9C-4CDB-B435-2B99FE2539FC}.Release|x86.ActiveCfg = Release|Any CPU
		{AD1EF5A2-BC9C-4CDB-B435-2B99FE2539FC}.Release|x86.Build.0 = Release|Any CPU
		{F4CC4455-2775-4979-87C7-D573C79C92AA}.Debug|Any CPU.ActiveCfg = Debug|Any CPU
		{F4CC4455-2775-4979-87C7-D573C79C92AA}.Debug|Any CPU.Build.0 = Debug|Any CPU
		{F4CC4455-2775-4979-87C7-D573C79C92AA}.Debug|x64.ActiveCfg = Debug|Any CPU
		{F4CC4455-2775-4979-87C7-D573C79C92AA}.Debug|x64.Build.0 = Debug|Any CPU
		{F4CC4455-2775-4979-87C7-D573C79C92AA}.Debug|x86.ActiveCfg = Debug|Any CPU
		{F4CC4455-2775-4979-87C7-D573C79C92AA}.Debug|x86.Build.0 = Debug|Any CPU
		{F4CC4455-2775-4979-87C7-D573C79C92AA}.Release|Any CPU.ActiveCfg = Release|Any CPU
		{F4CC4455-2775-4979-87C7-D573C79C92AA}.Release|Any CPU.Build.0 = Release|Any CPU
		{F4CC4455-2775-4979-87C7-D573C79C92AA}.Release|x64.ActiveCfg = Release|Any CPU
		{F4CC4455-2775-4979-87C7-D573C79C92AA}.Release|x64.Build.0 = Release|Any CPU
		{F4CC4455-2775-4979-87C7-D573C79C92AA}.Release|x86.ActiveCfg = Release|Any CPU
		{F4CC4455-2775-4979-87C7-D573C79C92AA}.Release|x86.Build.0 = Release|Any CPU
	EndGlobalSection
	GlobalSection(SolutionProperties) = preSolution
		HideSolutionNode = FALSE
	EndGlobalSection
	GlobalSection(NestedProjects) = preSolution
		{0F9113EE-888A-26D2-68B0-4A7D0A2A8745} = {1AE8ACA6-933B-BF2A-3671-3E2EAC007D16}
		{6BC121C4-D983-426E-8AA1-4BD4AB7A16DA} = {0F9113EE-888A-26D2-68B0-4A7D0A2A8745}
		{4E0252C6-77C1-4CAB-9820-2EF9778DDED4} = {0F9113EE-888A-26D2-68B0-4A7D0A2A8745}
		{7F04E8DE-9D30-48EF-945F-E1BFEF59C2FE} = {0F9113EE-888A-26D2-68B0-4A7D0A2A8745}
		{82DCBD30-ECFA-474B-A2EA-C2445138936F} = {0F9113EE-888A-26D2-68B0-4A7D0A2A8745}
		{E89592D6-AAC7-4CEE-8D08-6CC3CD8505EB} = {0F9113EE-888A-26D2-68B0-4A7D0A2A8745}
		{AD1EF5A2-BC9C-4CDB-B435-2B99FE2539FC} = {0F9113EE-888A-26D2-68B0-4A7D0A2A8745}
		{F57642F3-C37C-D174-720E-6A6AAD5BEE22} = {1AE8ACA6-933B-BF2A-3671-3E2EAC007D16}
		{F4CC4455-2775-4979-87C7-D573C79C92AA} = {F57642F3-C37C-D174-720E-6A6AAD5BEE22}
	EndGlobalSection
EndGlobal
